
Microsoft Visual Studio Solution File, Format Version 12.00
# Visual Studio 15
Project("{FAE04EC0-301F-11D3-BF4B-00C04F79EFBC}") = "Assembly-CSharp", "Assembly-CSharp.csproj", "{E64D0025-DFBA-ED4B-7C65-956D2B276641}"
EndProject
Project("{FAE04EC0-301F-11D3-BF4B-00C04F79EFBC}") = "Assembly-CSharp-Editor", "Assembly-CSharp-Editor.csproj", "{07BF0AB8-E79B-A58F-0C73-17A3CF57D815}"
EndProject
Global
	GlobalSection(SolutionConfigurationPlatforms) = preSolution
		Debug|Any CPU = Debug|Any CPU
		Release|Any CPU = Release|Any CPU
	EndGlobalSection
	GlobalSection(ProjectConfigurationPlatforms) = postSolution
		{E64D0025-DFBA-ED4B-7C65-956D2B276641}.Debug|Any CPU.ActiveCfg = Debug|Any CPU
		{E64D0025-DFBA-ED4B-7C65-956D2B276641}.Debug|Any CPU.Build.0 = Debug|Any CPU
		{E64D0025-DFBA-ED4B-7C65-956D2B276641}.Release|Any CPU.ActiveCfg = Release|Any CPU
		{E64D0025-DFBA-ED4B-7C65-956D2B276641}.Release|Any CPU.Build.0 = Release|Any CPU
		{07BF0AB8-E79B-A58F-0C73-17A3CF57D815}.Debug|Any CPU.ActiveCfg = Debug|Any CPU
		{07BF0AB8-E79B-A58F-0C73-17A3CF57D815}.Debug|Any CPU.Build.0 = Debug|Any CPU
		{07BF0AB8-E79B-A58F-0C73-17A3CF57D815}.Release|Any CPU.ActiveCfg = Release|Any CPU
		{07BF0AB8-E79B-A58F-0C73-17A3CF57D815}.Release|Any CPU.Build.0 = Release|Any CPU
	EndGlobalSection
	GlobalSection(SolutionProperties) = preSolution
		HideSolutionNode = FALSE
	EndGlobalSection
EndGlobal
